{
    "_readme": [
        "This file locks the dependencies of your project to a known state",
        "Read more about it at https://getcomposer.org/doc/01-basic-usage.md#installing-dependencies",
        "This file is @generated automatically"
    ],
    "content-hash": "0eed4384e488bd1eda460527697d6a7d",
    "packages": [
        {
            "name": "vsavritsky/bitrix-filter-builder",
            "version": "0.0.3",
            "source": {
                "type": "git",
                "url": "https://github.com/vsavritsky/bitrix-filter-builder.git",
                "reference": "20b1bb0e211a3424cd4c8dbb9bb21d65856cb5df"
            },
            "dist": {
                "type": "zip",
                "url": "https://api.github.com/repos/vsavritsky/bitrix-filter-builder/zipball/20b1bb0e211a3424cd4c8dbb9bb21d65856cb5df",
                "reference": "20b1bb0e211a3424cd4c8dbb9bb21d65856cb5df",
                "shasum": ""
            },
            "require": {
                "php": ">=7.1"
            },
            "type": "library",
            "autoload": {
                "psr-4": {
                    "BitrixFilterBuilder\\": "src"
                }
            },
            "notification-url": "https://packagist.org/downloads/",
            "description": "Библиотека для простого создания фильтра",
            "support": {
                "issues": "https://github.com/vsavritsky/bitrix-filter-builder/issues",
                "source": "https://github.com/vsavritsky/bitrix-filter-builder/tree/0.0.3"
            },
            "time": "2022-05-11T17:46:25+00:00"
        },
        {
            "name": "vsavritsky/bitrix-models",
            "version": "0.1.0",
            "source": {
                "type": "git",
                "url": "https://github.com/vsavritsky/bitrix-models.git",
                "reference": "351619cde406ee933ef7c0249fd072b176965150"
            },
            "dist": {
                "type": "zip",
                "url": "https://api.github.com/repos/vsavritsky/bitrix-models/zipball/351619cde406ee933ef7c0249fd072b176965150",
                "reference": "351619cde406ee933ef7c0249fd072b176965150",
                "shasum": ""
            },
            "require": {
                "php": ">=7.4",
                "vsavritsky/bitrix-filter-builder": "^0.0.3"
            },
            "type": "library",
            "autoload": {
                "psr-4": {
                    "BitrixModels\\": "src"
                }
            },
            "notification-url": "https://packagist.org/downloads/",
            "description": "Библиотека для работы с инфоблоками, хайлоадами и т.п как сущностями",
            "support": {
                "issues": "https://github.com/vsavritsky/bitrix-models/issues",
                "source": "https://github.com/vsavritsky/bitrix-models/tree/0.1.0"
            },
            "time": "2023-04-27T18:40:07+00:00"
        }
    ],
    "packages-dev": [],
    "aliases": [],
    "minimum-stability": "stable",
    "stability-flags": [],
    "prefer-stable": false,
    "prefer-lowest": false,
    "platform": {
        "php": ">=7.4"
    },
    "platform-dev": [],
    "plugin-api-version": "2.3.0"
}
